
Microsoft Visual Studio Solution File, Format Version 12.00
# Visual Studio 2012
Project("{159641D6-6404-4A2A-AE62-294DE0FE8301}") = "Employee Database Integration", "Employee Database Integration\Employee Database Integration.dtproj", "{473E3228-9F82-4752-B04B-B1189FFE1DC5}"
EndProject
Global
	GlobalSection(SolutionConfigurationPlatforms) = preSolution
		Development|Default = Development|Default
	EndGlobalSection
	GlobalSection(ProjectConfigurationPlatforms) = postSolution
		{473E3228-9F82-4752-B04B-B1189FFE1DC5}.Development|Default.ActiveCfg = Development
		{473E3228-9F82-4752-B04B-B1189FFE1DC5}.Development|Default.Build.0 = Development
	EndGlobalSection
	GlobalSection(SolutionProperties) = preSolution
		HideSolutionNode = FALSE
	EndGlobalSection
EndGlobal
